
Microsoft Visual Studio Solution File, Format Version 12.00
# Visual Studio Version 16
VisualStudioVersion = 16.0.30002.166
MinimumVisualStudioVersion = 10.0.40219.1
Project("{8BC9CEB8-8B4A-11D0-8D11-00A0C91BC942}") = "stack_reverse", "stack_reverse\stack_reverse.vcxproj", "{C075A757-3470-4262-B2DE-CAD32F6A9643}"
EndProject
Global
	GlobalSection(SolutionConfigurationPlatforms) = preSolution
		Debug|x64 = Debug|x64
		Debug|x86 = Debug|x86
		Release|x64 = Release|x64
		Release|x86 = Release|x86
	EndGlobalSection
	GlobalSection(ProjectConfigurationPlatforms) = postSolution
		{C075A757-3470-4262-B2DE-CAD32F6A9643}.Debug|x64.ActiveCfg = Debug|x64
		{C075A757-3470-4262-B2DE-CAD32F6A9643}.Debug|x64.Build.0 = Debug|x64
		{C075A757-3470-4262-B2DE-CAD32F6A9643}.Debug|x86.ActiveCfg = Debug|Win32
		{C075A757-3470-4262-B2DE-CAD32F6A9643}.Debug|x86.Build.0 = Debug|Win32
		{C075A757-3470-4262-B2DE-CAD32F6A9643}.Release|x64.ActiveCfg = Release|x64
		{C075A757-3470-4262-B2DE-CAD32F6A9643}.Release|x64.Build.0 = Release|x64
		{C075A757-3470-4262-B2DE-CAD32F6A9643}.Release|x86.ActiveCfg = Release|Win32
		{C075A757-3470-4262-B2DE-CAD32F6A9643}.Release|x86.Build.0 = Release|Win32
	EndGlobalSection
	GlobalSection(SolutionProperties) = preSolution
		HideSolutionNode = FALSE
	EndGlobalSection
	GlobalSection(ExtensibilityGlobals) = postSolution
		SolutionGuid = {C0E3A282-E936-418E-BD28-B08590AF2F01}
	EndGlobalSection
EndGlobal
