
Microsoft Visual Studio Solution File, Format Version 12.00
# Visual Studio 15
VisualStudioVersion = 15.0.28307.539
MinimumVisualStudioVersion = 10.0.40219.1
Project("{8BC9CEB8-8B4A-11D0-8D11-00A0C91BC942}") = "Sort_Cpt", "Sort_Cpt.vcxproj", "{07074DD4-1D34-4D59-BB66-64C9D2438B10}"
EndProject
Global
	GlobalSection(SolutionConfigurationPlatforms) = preSolution
		Debug|x64 = Debug|x64
		Debug|x86 = Debug|x86
		Release|x64 = Release|x64
		Release|x86 = Release|x86
	EndGlobalSection
	GlobalSection(ProjectConfigurationPlatforms) = postSolution
		{07074DD4-1D34-4D59-BB66-64C9D2438B10}.Debug|x64.ActiveCfg = Debug|x64
		{07074DD4-1D34-4D59-BB66-64C9D2438B10}.Debug|x64.Build.0 = Debug|x64
		{07074DD4-1D34-4D59-BB66-64C9D2438B10}.Debug|x86.ActiveCfg = Debug|Win32
		{07074DD4-1D34-4D59-BB66-64C9D2438B10}.Debug|x86.Build.0 = Debug|Win32
		{07074DD4-1D34-4D59-BB66-64C9D2438B10}.Release|x64.ActiveCfg = Release|x64
		{07074DD4-1D34-4D59-BB66-64C9D2438B10}.Release|x64.Build.0 = Release|x64
		{07074DD4-1D34-4D59-BB66-64C9D2438B10}.Release|x86.ActiveCfg = Release|Win32
		{07074DD4-1D34-4D59-BB66-64C9D2438B10}.Release|x86.Build.0 = Release|Win32
	EndGlobalSection
	GlobalSection(SolutionProperties) = preSolution
		HideSolutionNode = FALSE
	EndGlobalSection
	GlobalSection(ExtensibilityGlobals) = postSolution
		SolutionGuid = {FC44B3E1-BB0F-4300-BE78-F98BCBED7B96}
	EndGlobalSection
EndGlobal
